
Microsoft Visual Studio Solution File, Format Version 12.00
# Visual Studio Version 17
VisualStudioVersion = 17.10.35013.160
MinimumVisualStudioVersion = 10.0.40219.1
Project("{FAE04EC0-301F-11D3-BF4B-00C04F79EFBC}") = "StudentEncapsulationProject", "StudentEncapsulationProject.csproj", "{EBBFDA7E-9779-4EC5-91B3-1592769DEA8F}"
EndProject
Global
	GlobalSection(SolutionConfigurationPlatforms) = preSolution
		Debug|Any CPU = Debug|Any CPU
		Release|Any CPU = Release|Any CPU
	EndGlobalSection
	GlobalSection(ProjectConfigurationPlatforms) = postSolution
		{EBBFDA7E-9779-4EC5-91B3-1592769DEA8F}.Debug|Any CPU.ActiveCfg = Debug|Any CPU
		{EBBFDA7E-9779-4EC5-91B3-1592769DEA8F}.Debug|Any CPU.Build.0 = Debug|Any CPU
		{EBBFDA7E-9779-4EC5-91B3-1592769DEA8F}.Release|Any CPU.ActiveCfg = Release|Any CPU
		{EBBFDA7E-9779-4EC5-91B3-1592769DEA8F}.Release|Any CPU.Build.0 = Release|Any CPU
	EndGlobalSection
	GlobalSection(SolutionProperties) = preSolution
		HideSolutionNode = FALSE
	EndGlobalSection
	GlobalSection(ExtensibilityGlobals) = postSolution
		SolutionGuid = {04C43965-0E33-46A3-9EC3-0B094DDF4E96}
	EndGlobalSection
EndGlobal
